
Microsoft Visual Studio Solution File, Format Version 12.00
# Visual Studio 2015
Project("{FAE04EC0-301F-11D3-BF4B-00C04F79EFBC}") = "RoboCar.CSharp", "RoboCar.CSharp.csproj", "{63E572F3-96F3-F040-80BF-E8AABBB4BA32}"
EndProject
Project("{FAE04EC0-301F-11D3-BF4B-00C04F79EFBC}") = "RoboCar.CSharp.Editor", "RoboCar.CSharp.Editor.csproj", "{84160BA7-44A0-DA14-CAD5-C05ED31A43B8}"
EndProject
Global
	GlobalSection(SolutionConfigurationPlatforms) = preSolution
		Debug|Any CPU = Debug|Any CPU
		Release|Any CPU = Release|Any CPU
	EndGlobalSection
	GlobalSection(ProjectConfigurationPlatforms) = postSolution
		{63E572F3-96F3-F040-80BF-E8AABBB4BA32}.Debug|Any CPU.ActiveCfg = Debug|Any CPU
		{63E572F3-96F3-F040-80BF-E8AABBB4BA32}.Debug|Any CPU.Build.0 = Debug|Any CPU
		{63E572F3-96F3-F040-80BF-E8AABBB4BA32}.Release|Any CPU.ActiveCfg = Release|Any CPU
		{63E572F3-96F3-F040-80BF-E8AABBB4BA32}.Release|Any CPU.Build.0 = Release|Any CPU
		{84160BA7-44A0-DA14-CAD5-C05ED31A43B8}.Debug|Any CPU.ActiveCfg = Debug|Any CPU
		{84160BA7-44A0-DA14-CAD5-C05ED31A43B8}.Debug|Any CPU.Build.0 = Debug|Any CPU
		{84160BA7-44A0-DA14-CAD5-C05ED31A43B8}.Release|Any CPU.ActiveCfg = Release|Any CPU
		{84160BA7-44A0-DA14-CAD5-C05ED31A43B8}.Release|Any CPU.Build.0 = Release|Any CPU
	EndGlobalSection
	GlobalSection(SolutionProperties) = preSolution
		HideSolutionNode = FALSE
	EndGlobalSection
EndGlobal
